
Microsoft Visual Studio Solution File, Format Version 12.00
# Visual Studio Version 17
VisualStudioVersion = 17.3.32929.385
MinimumVisualStudioVersion = 10.0.40219.1
Project("{FAE04EC0-301F-11D3-BF4B-00C04F79EFBC}") = "HandsOnSet", "HandsOnSet\HandsOnSet.csproj", "{7AA0D400-E59D-46F8-8C14-00CA0D9BFB51}"
EndProject
Global
	GlobalSection(SolutionConfigurationPlatforms) = preSolution
		Debug|Any CPU = Debug|Any CPU
		Release|Any CPU = Release|Any CPU
	EndGlobalSection
	GlobalSection(ProjectConfigurationPlatforms) = postSolution
		{7AA0D400-E59D-46F8-8C14-00CA0D9BFB51}.Debug|Any CPU.ActiveCfg = Debug|Any CPU
		{7AA0D400-E59D-46F8-8C14-00CA0D9BFB51}.Debug|Any CPU.Build.0 = Debug|Any CPU
		{7AA0D400-E59D-46F8-8C14-00CA0D9BFB51}.Release|Any CPU.ActiveCfg = Release|Any CPU
		{7AA0D400-E59D-46F8-8C14-00CA0D9BFB51}.Release|Any CPU.Build.0 = Release|Any CPU
	EndGlobalSection
	GlobalSection(SolutionProperties) = preSolution
		HideSolutionNode = FALSE
	EndGlobalSection
	GlobalSection(ExtensibilityGlobals) = postSolution
		SolutionGuid = {88AFF203-61E1-4095-98D7-CD64286D9DFF}
	EndGlobalSection
EndGlobal
